lockfileVersion: '6.0'

settings:
  autoInstallPeers: true
  excludeLinksFromLockfile: false

dependencies:
  hono:
    specifier: ^3.7.2
    version: 3.7.6

devDependencies:
  bun-types:
    specifier: ^0.6.2
    version: 0.6.14

packages:

  /bun-types@0.6.14:
    resolution: {integrity: sha512-sRdvu+t59+H/TVOe7FSGFWYITbqkhiCx9NxVUHt2+JOXM9gUOe5uMPvVvcr/hGngnh+/yb5a7uPE4JaS6uxujg==}
    dev: true

  /hono@3.7.6:
    resolution: {integrity: sha512-nuLNH9+nV6ojXK6b9I0RGZgdMuLTOXeQPs6xsIw/G5iyT8j8m7Nnx8pTxQprmSmCaEYIPv91rCcq45PQNfW68A==}
    engines: {node: '>=16.0.0'}
    dev: false
